
Microsoft Visual Studio Solution File, Format Version 12.00
# Visual Studio Version 17
VisualStudioVersion = 17.0.32014.148
MinimumVisualStudioVersion = 10.0.40219.1
Project("{FAE04EC0-301F-11D3-BF4B-00C04F79EFBC}") = "MyCSharp_12", "MyCSharp_12\MyCSharp_12.csproj", "{8952D669-A000-4E64-B220-7B418B530730}"
EndProject
Global
	GlobalSection(SolutionConfigurationPlatforms) = preSolution
		Debug|Any CPU = Debug|Any CPU
		Release|Any CPU = Release|Any CPU
	EndGlobalSection
	GlobalSection(ProjectConfigurationPlatforms) = postSolution
		{8952D669-A000-4E64-B220-7B418B530730}.Debug|Any CPU.ActiveCfg = Debug|Any CPU
		{8952D669-A000-4E64-B220-7B418B530730}.Debug|Any CPU.Build.0 = Debug|Any CPU
		{8952D669-A000-4E64-B220-7B418B530730}.Release|Any CPU.ActiveCfg = Release|Any CPU
		{8952D669-A000-4E64-B220-7B418B530730}.Release|Any CPU.Build.0 = Release|Any CPU
	EndGlobalSection
	GlobalSection(SolutionProperties) = preSolution
		HideSolutionNode = FALSE
	EndGlobalSection
	GlobalSection(ExtensibilityGlobals) = postSolution
		SolutionGuid = {F0D3834E-3C00-4AF7-8B90-7DC0A65465DF}
	EndGlobalSection
EndGlobal
